{
    "_readme": [
        "This file locks the dependencies of your project to a known state",
        "Read more about it at https://getcomposer.org/doc/01-basic-usage.md#installing-dependencies",
        "This file is @generated automatically"
    ],
    "content-hash": "8e993cf9b7624206c6d73a27f490552e",
    "packages": [],
    "packages-dev": [
        {
            "name": "nezimi/my-error",
            "version": "dev-master",
            "source": {
                "type": "git",
                "url": "https://github.com/PengYilong/my-error.git",
                "reference": "b041f7b5d0035f53df180e1cbf5b7b4c90170619"
            },
            "dist": {
                "type": "zip",
                "url": "https://api.github.com/repos/PengYilong/my-error/zipball/b041f7b5d0035f53df180e1cbf5b7b4c90170619",
                "reference": "b041f7b5d0035f53df180e1cbf5b7b4c90170619",
                "shasum": ""
            },
            "require": {
                "php": ">=5.6"
            },
            "type": "library",
            "autoload": {
                "psr-4": {
                    "Nezimi\\": "src/"
                }
            },
            "notification-url": "https://packagist.org/downloads/",
            "authors": [
                {
                    "name": "Yilong Peng",
                    "email": "948800401@qq.com",
                    "role": "Developer"
                }
            ],
            "description": "php error and exception",
            "time": "2019-12-04T08:00:13+00:00"
        },
        {
            "name": "nezimi/my-functions",
            "version": "dev-master",
            "source": {
                "type": "git",
                "url": "https://github.com/PengYilong/my-functions.git",
                "reference": "d23eaece5cfc5561b28ae205a5eb7eb1db8183fc"
            },
            "dist": {
                "type": "zip",
                "url": "https://api.github.com/repos/PengYilong/my-functions/zipball/d23eaece5cfc5561b28ae205a5eb7eb1db8183fc",
                "reference": "d23eaece5cfc5561b28ae205a5eb7eb1db8183fc",
                "shasum": ""
            },
            "require": {
                "php": ">=5.6"
            },
            "type": "library",
            "autoload": {
                "psr-4": [],
                "files": [
                    "src/functions.php"
                ]
            },
            "notification-url": "https://packagist.org/downloads/",
            "authors": [
                {
                    "name": "Yilong Peng",
                    "email": "948800401@qq.com",
                    "role": "Developer"
                }
            ],
            "description": "library",
            "time": "2019-12-09T11:22:23+00:00"
        }
    ],
    "aliases": [],
    "minimum-stability": "dev",
    "stability-flags": {
        "nezimi/my-error": 20,
        "nezimi/my-functions": 20
    },
    "prefer-stable": false,
    "prefer-lowest": false,
    "platform": {
        "php": ">=5.4"
    },
    "platform-dev": {
        "php": ">=5.4"
    }
}
